
Microsoft Visual Studio Solution File, Format Version 12.00
# Visual Studio Version 16
VisualStudioVersion = 16.0.31205.134
MinimumVisualStudioVersion = 10.0.40219.1
Project("{FAE04EC0-301F-11D3-BF4B-00C04F79EFBC}") = "FogController", "FogController.csproj", "{A26F929E-BBF0-4C84-9170-6365FA329C0E}"
EndProject
Global
	GlobalSection(SolutionConfigurationPlatforms) = preSolution
		Debug|Any CPU = Debug|Any CPU
		Release|Any CPU = Release|Any CPU
	EndGlobalSection
	GlobalSection(ProjectConfigurationPlatforms) = postSolution
		{A26F929E-BBF0-4C84-9170-6365FA329C0E}.Debug|Any CPU.ActiveCfg = Debug|Any CPU
		{A26F929E-BBF0-4C84-9170-6365FA329C0E}.Debug|Any CPU.Build.0 = Debug|Any CPU
		{A26F929E-BBF0-4C84-9170-6365FA329C0E}.Release|Any CPU.ActiveCfg = Release|Any CPU
		{A26F929E-BBF0-4C84-9170-6365FA329C0E}.Release|Any CPU.Build.0 = Release|Any CPU
	EndGlobalSection
	GlobalSection(SolutionProperties) = preSolution
		HideSolutionNode = FALSE
	EndGlobalSection
	GlobalSection(ExtensibilityGlobals) = postSolution
		SolutionGuid = {395543EA-19C8-4E35-A578-8A08E21F5368}
	EndGlobalSection
EndGlobal
